{
    "version": 3,
    "terraform_version": "0.11.7",
    "serial": 4,
    "lineage": "0efe8862-673d-9a20-83a0-c343cc681182",
    "modules": [
        {
            "path": [
                "root"
            ],
            "outputs": {
                "aws_access_key_id": {
                    "sensitive": false,
                    "type": "string",
                    "value": "AKIAJ3HIRJIATLJ5GFUQ"
                },
                "aws_access_key_secret": {
                    "sensitive": false,
                    "type": "string",
                    "value": "wcBMA47Y5+quSZ3PAQgAJpCkTeIMS3ZOBRl8US0by5dWbtz9CN8LmvMMt8QN6oT49uoVwzPmsJyKp1EIfXeZDUCOJwxXxpEw4YJdBsZ7ct7XYA/lOOErYoH3s/jaW4IbpQbtvMMQ/6qkpetRkHjoPvRpA2Zj+ufqdBmKB2sNXIsYCxCbrFYLeMEwP7FUv4IC/3NMJQ9tTkcgkCihr1e3DTN32QYHvE8vS7ziDLNIMgLyM+ParvGX2zLRty+ka2hw51Lns1UM9N0ToZH5mEWpoFHBndfk/dc1S/H2KC+5GFA4FF0+weCO11Mu7OA3jUAsTnc4OsM+zkW8QWc7WxhMuGFth4CM7s5w6XJErizwU9LgAeRyVmnE6PVFtL/5cx7PqXIe4UsY4P3g2uGSPuBT4jWhibXgN+Wkh3TNfZzL6crgbDG944Ln46KSMt4ZhZY5MEkJtCfwHuBl44fzLNFyhMG64Kjk5J4WCE/tKoGRbvgwwTbOdeJ8DN9Y4Y0HAA=="
                },
                "lambda_bucket_name": {
                    "sensitive": false,
                    "type": "string",
                    "value": "radek-devheaven-lambda"
                },
                "tfstate_bucket_name": {
                    "sensitive": false,
                    "type": "string",
                    "value": "radek-devheaven-tfstate"
                }
            },
            "resources": {
                "aws_iam_access_key.deployer": {
                    "type": "aws_iam_access_key",
                    "depends_on": [
                        "aws_iam_user.deployer"
                    ],
                    "primary": {
                        "id": "AKIAJ3HIRJIATLJ5GFUQ",
                        "attributes": {
                            "encrypted_secret": "wcBMA47Y5+quSZ3PAQgAJpCkTeIMS3ZOBRl8US0by5dWbtz9CN8LmvMMt8QN6oT49uoVwzPmsJyKp1EIfXeZDUCOJwxXxpEw4YJdBsZ7ct7XYA/lOOErYoH3s/jaW4IbpQbtvMMQ/6qkpetRkHjoPvRpA2Zj+ufqdBmKB2sNXIsYCxCbrFYLeMEwP7FUv4IC/3NMJQ9tTkcgkCihr1e3DTN32QYHvE8vS7ziDLNIMgLyM+ParvGX2zLRty+ka2hw51Lns1UM9N0ToZH5mEWpoFHBndfk/dc1S/H2KC+5GFA4FF0+weCO11Mu7OA3jUAsTnc4OsM+zkW8QWc7WxhMuGFth4CM7s5w6XJErizwU9LgAeRyVmnE6PVFtL/5cx7PqXIe4UsY4P3g2uGSPuBT4jWhibXgN+Wkh3TNfZzL6crgbDG944Ln46KSMt4ZhZY5MEkJtCfwHuBl44fzLNFyhMG64Kjk5J4WCE/tKoGRbvgwwTbOdeJ8DN9Y4Y0HAA==",
                            "id": "AKIAJ3HIRJIATLJ5GFUQ",
                            "key_fingerprint": "b422c890cd4fd2f79adc27d04deccd28668ed457",
                            "pgp_key": "keybase:radeksimko",
                            "ses_smtp_password": "Age95NNJ5HCMKzsSpSncDtsyLwat1eXOZ2w02TKu4U1A",
                            "status": "Active",
                            "user": "radek-devheaven-deployer"
                        },
                        "meta": {},
                        "tainted": false
                    },
                    "deposed": [],
                    "provider": "provider.aws"
                },
                "aws_iam_user.deployer": {
                    "type": "aws_iam_user",
                    "depends_on": [],
                    "primary": {
                        "id": "radek-devheaven-deployer",
                        "attributes": {
                            "arn": "arn:aws:iam::187416307283:user/radek-devheaven-deployer",
                            "force_destroy": "false",
                            "id": "radek-devheaven-deployer",
                            "name": "radek-devheaven-deployer",
                            "path": "/",
                            "unique_id": "AIDAIG54BJDUKFES3A6DI"
                        },
                        "meta": {},
                        "tainted": false
                    },
                    "deposed": [],
                    "provider": "provider.aws"
                },
                "aws_iam_user_policy.deployer": {
                    "type": "aws_iam_user_policy",
                    "depends_on": [
                        "aws_iam_user.deployer",
                        "aws_s3_bucket.lambda"
                    ],
                    "primary": {
                        "id": "radek-devheaven-deployer:deployer",
                        "attributes": {
                            "id": "radek-devheaven-deployer:deployer",
                            "name": "deployer",
                            "policy": "{\n  \"Version\": \"2012-10-17\",\n  \"Statement\": [\n    {\n      \"Action\": [\n        \"s3:PutObject\"\n      ],\n      \"Effect\": \"Allow\",\n      \"Resource\": \"arn:aws:s3:::radek-devheaven-lambda/*\"\n    }\n  ]\n}\n",
                            "user": "radek-devheaven-deployer"
                        },
                        "meta": {},
                        "tainted": false
                    },
                    "deposed": [],
                    "provider": "provider.aws"
                },
                "aws_s3_bucket.lambda": {
                    "type": "aws_s3_bucket",
                    "depends_on": [],
                    "primary": {
                        "id": "radek-devheaven-lambda",
                        "attributes": {
                            "acceleration_status": "",
                            "acl": "private",
                            "arn": "arn:aws:s3:::radek-devheaven-lambda",
                            "bucket": "radek-devheaven-lambda",
                            "bucket_domain_name": "radek-devheaven-lambda.s3.amazonaws.com",
                            "force_destroy": "false",
                            "hosted_zone_id": "Z3R1K369G5AVDG",
                            "id": "radek-devheaven-lambda",
                            "logging.#": "0",
                            "region": "eu-west-3",
                            "replication_configuration.#": "0",
                            "request_payer": "BucketOwner",
                            "server_side_encryption_configuration.#": "0",
                            "tags.%": "0",
                            "versioning.#": "1",
                            "versioning.0.enabled": "false",
                            "versioning.0.mfa_delete": "false",
                            "website.#": "0"
                        },
                        "meta": {},
                        "tainted": false
                    },
                    "deposed": [],
                    "provider": "provider.aws"
                },
                "aws_s3_bucket.tfstate": {
                    "type": "aws_s3_bucket",
                    "depends_on": [],
                    "primary": {
                        "id": "radek-devheaven-tfstate",
                        "attributes": {
                            "acceleration_status": "",
                            "acl": "private",
                            "arn": "arn:aws:s3:::radek-devheaven-tfstate",
                            "bucket": "radek-devheaven-tfstate",
                            "bucket_domain_name": "radek-devheaven-tfstate.s3.amazonaws.com",
                            "force_destroy": "false",
                            "hosted_zone_id": "Z3R1K369G5AVDG",
                            "id": "radek-devheaven-tfstate",
                            "logging.#": "0",
                            "region": "eu-west-3",
                            "replication_configuration.#": "0",
                            "request_payer": "BucketOwner",
                            "server_side_encryption_configuration.#": "0",
                            "tags.%": "0",
                            "versioning.#": "1",
                            "versioning.0.enabled": "false",
                            "versioning.0.mfa_delete": "false",
                            "website.#": "0"
                        },
                        "meta": {},
                        "tainted": false
                    },
                    "deposed": [],
                    "provider": "provider.aws"
                }
            },
            "depends_on": []
        }
    ]
}
